
Microsoft Visual Studio Solution File, Format Version 12.00
# Visual Studio Version 17
VisualStudioVersion = 17.13.35828.75 d17.13
MinimumVisualStudioVersion = 10.0.40219.1
Project("{FAE04EC0-301F-11D3-BF4B-00C04F79EFBC}") = "D424 - Software Engineering Capstone", "D424 - Software Engineering Capstone.csproj", "{A945A6EC-F990-4DEE-BECC-5167C24AD505}"
EndProject
Global
	GlobalSection(SolutionConfigurationPlatforms) = preSolution
		Debug|Any CPU = Debug|Any CPU
		Release|Any CPU = Release|Any CPU
	EndGlobalSection
	GlobalSection(ProjectConfigurationPlatforms) = postSolution
		{A945A6EC-F990-4DEE-BECC-5167C24AD505}.Debug|Any CPU.ActiveCfg = Debug|Any CPU
		{A945A6EC-F990-4DEE-BECC-5167C24AD505}.Debug|Any CPU.Build.0 = Debug|Any CPU
		{A945A6EC-F990-4DEE-BECC-5167C24AD505}.Release|Any CPU.ActiveCfg = Release|Any CPU
		{A945A6EC-F990-4DEE-BECC-5167C24AD505}.Release|Any CPU.Build.0 = Release|Any CPU
	EndGlobalSection
	GlobalSection(SolutionProperties) = preSolution
		HideSolutionNode = FALSE
	EndGlobalSection
	GlobalSection(ExtensibilityGlobals) = postSolution
		SolutionGuid = {225360F1-2EC8-466E-9190-2C721A2E612C}
	EndGlobalSection
EndGlobal
